// !$*UTF8*$!
{
	archiveVersion = 1;
	classes = {
	};
	objectVersion = 51;
	objects = {

/* Begin PBXBuildFile section */
		7A8C322726E9D3FC00E00204 /* AppDelegate.swift in Sources */ = {isa = PBXBuildFile; fileRef = 7A8C322626E9D3FC00E00204 /* AppDelegate.swift */; };
		7A8C322926E9D3FD00E00204 /* SceneDelegate.swift in Sources */ = {isa = PBXBuildFile; fileRef = 7A8C322826E9D3FD00E00204 /* SceneDelegate.swift */; };
		7A8C322B26E9D3FD00E00204 /* ViewController.swift in Sources */ = {isa = PBXBuildFile; fileRef = 7A8C322A26E9D3FD00E00204 /* ViewController.swift */; };
		7A8C322E26E9D3FD00E00204 /* Main.storyboard in Resources */ = {isa = PBXBuildFile; fileRef = 7A8C322C26E9D3FD00E00204 /* Main.storyboard */; };
		7A8C323026E9D3FE00E00204 /* Assets.xcassets in Resources */ = {isa = PBXBuildFile; fileRef = 7A8C322F26E9D3FE00E00204 /* Assets.xcassets */; };
		7A8C323326E9D3FE00E00204 /* LaunchScreen.storyboard in Resources */ = {isa = PBXBuildFile; fileRef = 7A8C323126E9D3FE00E00204 /* LaunchScreen.storyboard */; };
		7A8C323B26E9D62100E00204 /* Model.swift in Sources */ = {isa = PBXBuildFile; fileRef = 7A8C323A26E9D62100E00204 /* Model.swift */; };
		7A8C323F26E9ECB100E00204 /* WebKit.framework in Frameworks */ = {isa = PBXBuildFile; fileRef = 7A8C323E26E9ECB100E00204 /* WebKit.framework */; };
		7A8C324326E9EDE400E00204 /* WebViewController.swift in Sources */ = {isa = PBXBuildFile; fileRef = 7A8C324226E9EDE400E00204 /* WebViewController.swift */; };
		B9D0C6CA6EC2C6B847EE7074 /* Pods_DiscordLogin.framework in Frameworks */ = {isa = PBXBuildFile; fileRef = 3BCE477960C098F0D99E1133 /* Pods_DiscordLogin.framework */; };
/* End PBXBuildFile section */

/* Begin PBXFileReference section */
		07A4F0F1B523D478458AD2FF /* Pods-DiscordLogin.debug.xcconfig */ = {isa = PBXFileReference; includeInIndex = 1; lastKnownFileType = text.xcconfig; name = "Pods-DiscordLogin.debug.xcconfig"; path = "Target Support Files/Pods-DiscordLogin/Pods-DiscordLogin.debug.xcconfig"; sourceTree = "<group>"; };
		17E660E6445F4EA4A1040867 /* Pods-DiscordLogin.release.xcconfig */ = {isa = PBXFileReference; includeInIndex = 1; lastKnownFileType = text.xcconfig; name = "Pods-DiscordLogin.release.xcconfig"; path = "Target Support Files/Pods-DiscordLogin/Pods-DiscordLogin.release.xcconfig"; sourceTree = "<group>"; };
		3BCE477960C098F0D99E1133 /* Pods_DiscordLogin.framework */ = {isa = PBXFileReference; explicitFileType = wrapper.framework; includeInIndex = 0; path = Pods_DiscordLogin.framework; sourceTree = BUILT_PRODUCTS_DIR; };
		7A8C322326E9D3FC00E00204 /* DiscordLogin.app */ = {isa = PBXFileReference; explicitFileType = wrapper.application; includeInIndex = 0; path = DiscordLogin.app; sourceTree = BUILT_PRODUCTS_DIR; };
		7A8C322626E9D3FC00E00204 /* AppDelegate.swift */ = {isa = PBXFileReference; lastKnownFileType = sourcecode.swift; path = AppDelegate.swift; sourceTree = "<group>"; };
		7A8C322826E9D3FD00E00204 /* SceneDelegate.swift */ = {isa = PBXFileReference; lastKnownFileType = sourcecode.swift; path = SceneDelegate.swift; sourceTree = "<group>"; };
		7A8C322A26E9D3FD00E00204 /* ViewController.swift */ = {isa = PBXFileReference; lastKnownFileType = sourcecode.swift; path = ViewController.swift; sourceTree = "<group>"; };
		7A8C322D26E9D3FD00E00204 /* Base */ = {isa = PBXFileReference; lastKnownFileType = file.storyboard; name = Base; path = Base.lproj/Main.storyboard; sourceTree = "<group>"; };
		7A8C322F26E9D3FE00E00204 /* Assets.xcassets */ = {isa = PBXFileReference; lastKnownFileType = folder.assetcatalog; path = Assets.xcassets; sourceTree = "<group>"; };
		7A8C323226E9D3FE00E00204 /* Base */ = {isa = PBXFileReference; lastKnownFileType = file.storyboard; name = Base; path = Base.lproj/LaunchScreen.storyboard; sourceTree = "<group>"; };
		7A8C323426E9D3FE00E00204 /* Info.plist */ = {isa = PBXFileReference; lastKnownFileType = text.plist.xml; path = Info.plist; sourceTree = "<group>"; };
		7A8C323A26E9D62100E00204 /* Model.swift */ = {isa = PBXFileReference; lastKnownFileType = sourcecode.swift; path = Model.swift; sourceTree = "<group>"; };
		7A8C323E26E9ECB100E00204 /* WebKit.framework */ = {isa = PBXFileReference; lastKnownFileType = wrapper.framework; name = WebKit.framework; path = System/Library/Frameworks/WebKit.framework; sourceTree = SDKROOT; };
		7A8C324226E9EDE400E00204 /* WebViewController.swift */ = {isa = PBXFileReference; lastKnownFileType = sourcecode.swift; path = WebViewController.swift; sourceTree = "<group>"; };
/* End PBXFileReference section */

/* Begin PBXFrameworksBuildPhase section */
		7A8C322026E9D3FC00E00204 /* Frameworks */ = {
			isa = PBXFrameworksBuildPhase;
			buildActionMask = 2147483647;
			files = (
				7A8C323F26E9ECB100E00204 /* WebKit.framework in Frameworks */,
				B9D0C6CA6EC2C6B847EE7074 /* Pods_DiscordLogin.framework in Frameworks */,
			);
			runOnlyForDeploymentPostprocessing = 0;
		};
/* End PBXFrameworksBuildPhase section */

/* Begin PBXGroup section */
		6C4655EA258028CB17D25DD7 /* Frameworks */ = {
			isa = PBXGroup;
			children = (
				7A8C323E26E9ECB100E00204 /* WebKit.framework */,
				3BCE477960C098F0D99E1133 /* Pods_DiscordLogin.framework */,
			);
			name = Frameworks;
			sourceTree = "<group>";
		};
		7A8C321A26E9D3FC00E00204 = {
			isa = PBXGroup;
			children = (
				7A8C322526E9D3FC00E00204 /* DiscordLogin */,
				7A8C322426E9D3FC00E00204 /* Products */,
				819DB0852FF1D64EE6E6D8B1 /* Pods */,
				6C4655EA258028CB17D25DD7 /* Frameworks */,
			);
			sourceTree = "<group>";
		};
		7A8C322426E9D3FC00E00204 /* Products */ = {
			isa = PBXGroup;
			children = (
				7A8C322326E9D3FC00E00204 /* DiscordLogin.app */,
			);
			name = Products;
			sourceTree = "<group>";
		};
		7A8C322526E9D3FC00E00204 /* DiscordLogin */ = {
			isa = PBXGroup;
			children = (
				7A8C324126E9EDD000E00204 /* Model */,
				7A8C324026E9EDBC00E00204 /* ViewController */,
				7A8C322626E9D3FC00E00204 /* AppDelegate.swift */,
				7A8C322826E9D3FD00E00204 /* SceneDelegate.swift */,
				7A8C322C26E9D3FD00E00204 /* Main.storyboard */,
				7A8C322F26E9D3FE00E00204 /* Assets.xcassets */,
				7A8C323126E9D3FE00E00204 /* LaunchScreen.storyboard */,
				7A8C323426E9D3FE00E00204 /* Info.plist */,
			);
			path = DiscordLogin;
			sourceTree = "<group>";
		};
		7A8C324026E9EDBC00E00204 /* ViewController */ = {
			isa = PBXGroup;
			children = (
				7A8C322A26E9D3FD00E00204 /* ViewController.swift */,
				7A8C324226E9EDE400E00204 /* WebViewController.swift */,
			);
			path = ViewController;
			sourceTree = "<group>";
		};
		7A8C324126E9EDD000E00204 /* Model */ = {
			isa = PBXGroup;
			children = (
				7A8C323A26E9D62100E00204 /* Model.swift */,
			);
			path = Model;
			sourceTree = "<group>";
		};
		819DB0852FF1D64EE6E6D8B1 /* Pods */ = {
			isa = PBXGroup;
			children = (
				07A4F0F1B523D478458AD2FF /* Pods-DiscordLogin.debug.xcconfig */,
				17E660E6445F4EA4A1040867 /* Pods-DiscordLogin.release.xcconfig */,
			);
			path = Pods;
			sourceTree = "<group>";
		};
/* End PBXGroup section */

/* Begin PBXNativeTarget section */
		7A8C322226E9D3FC00E00204 /* DiscordLogin */ = {
			isa = PBXNativeTarget;
			buildConfigurationList = 7A8C323726E9D3FE00E00204 /* Build configuration list for PBXNativeTarget "DiscordLogin" */;
			buildPhases = (
				06E48C3BDD4EACE6B2997F76 /* [CP] Check Pods Manifest.lock */,
				7A8C321F26E9D3FC00E00204 /* Sources */,
				7A8C322026E9D3FC00E00204 /* Frameworks */,
				7A8C322126E9D3FC00E00204 /* Resources */,
				0BEC128832334E10EC550CFC /* [CP] Embed Pods Frameworks */,
			);
			buildRules = (
			);
			dependencies = (
			);
			name = DiscordLogin;
			productName = DiscordLogin;
			productReference = 7A8C322326E9D3FC00E00204 /* DiscordLogin.app */;
			productType = "com.apple.product-type.application";
		};
/* End PBXNativeTarget section */

/* Begin PBXProject section */
		7A8C321B26E9D3FC00E00204 /* Project object */ = {
			isa = PBXProject;
			attributes = {
				LastSwiftUpdateCheck = 1250;
				LastUpgradeCheck = 1250;
				TargetAttributes = {
					7A8C322226E9D3FC00E00204 = {
						CreatedOnToolsVersion = 12.5.1;
					};
				};
			};
			buildConfigurationList = 7A8C321E26E9D3FC00E00204 /* Build configuration list for PBXProject "DiscordLogin" */;
			compatibilityVersion = "Xcode 9.3";
			developmentRegion = en;
			hasScannedForEncodings = 0;
			knownRegions = (
				en,
				Base,
			);
			mainGroup = 7A8C321A26E9D3FC00E00204;
			productRefGroup = 7A8C322426E9D3FC00E00204 /* Products */;
			projectDirPath = "";
			projectRoot = "";
			targets = (
				7A8C322226E9D3FC00E00204 /* DiscordLogin */,
			);
		};
/* End PBXProject section */

/* Begin PBXResourcesBuildPhase section */
		7A8C322126E9D3FC00E00204 /* Resources */ = {
			isa = PBXResourcesBuildPhase;
			buildActionMask = 2147483647;
			files = (
				7A8C323326E9D3FE00E00204 /* LaunchScreen.storyboard in Resources */,
				7A8C323026E9D3FE00E00204 /* Assets.xcassets in Resources */,
				7A8C322E26E9D3FD00E00204 /* Main.storyboard in Resources */,
			);
			runOnlyForDeploymentPostprocessing = 0;
		};
/* End PBXResourcesBuildPhase section */

/* Begin PBXShellScriptBuildPhase section */
		06E48C3BDD4EACE6B2997F76 /* [CP] Check Pods Manifest.lock */ = {
			isa = PBXShellScriptBuildPhase;
			buildActionMask = 2147483647;
			files = (
			);
			inputFileListPaths = (
			);
			inputPaths = (
				"${PODS_PODFILE_DIR_PATH}/Podfile.lock",
				"${PODS_ROOT}/Manifest.lock",
			);
			name = "[CP] Check Pods Manifest.lock";
			outputFileListPaths = (
			);
			outputPaths = (
				"$(DERIVED_FILE_DIR)/Pods-DiscordLogin-checkManifestLockResult.txt",
			);
			runOnlyForDeploymentPostprocessing = 0;
			shellPath = /bin/sh;
			shellScript = "diff \"${PODS_PODFILE_DIR_PATH}/Podfile.lock\" \"${PODS_ROOT}/Manifest.lock\" > /dev/null\nif [ $? != 0 ] ; then\n    # print error to STDERR\n    echo \"error: The sandbox is not in sync with the Podfile.lock. Run 'pod install' or update your CocoaPods installation.\" >&2\n    exit 1\nfi\n# This output is used by Xcode 'outputs' to avoid re-running this script phase.\necho \"SUCCESS\" > \"${SCRIPT_OUTPUT_FILE_0}\"\n";
			showEnvVarsInLog = 0;
		};
		0BEC128832334E10EC550CFC /* [CP] Embed Pods Frameworks */ = {
			isa = PBXShellScriptBuildPhase;
			buildActionMask = 2147483647;
			files = (
			);
			inputFileListPaths = (
				"${PODS_ROOT}/Target Support Files/Pods-DiscordLogin/Pods-DiscordLogin-frameworks-${CONFIGURATION}-input-files.xcfilelist",
			);
			name = "[CP] Embed Pods Frameworks";
			outputFileListPaths = (
				"${PODS_ROOT}/Target Support Files/Pods-DiscordLogin/Pods-DiscordLogin-frameworks-${CONFIGURATION}-output-files.xcfilelist",
			);
			runOnlyForDeploymentPostprocessing = 0;
			shellPath = /bin/sh;
			shellScript = "\"${PODS_ROOT}/Target Support Files/Pods-DiscordLogin/Pods-DiscordLogin-frameworks.sh\"\n";
			showEnvVarsInLog = 0;
		};
/* End PBXShellScriptBuildPhase section */

/* Begin PBXSourcesBuildPhase section */
		7A8C321F26E9D3FC00E00204 /* Sources */ = {
			isa = PBXSourcesBuildPhase;
			buildActionMask = 2147483647;
			files = (
				7A8C322B26E9D3FD00E00204 /* ViewController.swift in Sources */,
				7A8C322726E9D3FC00E00204 /* AppDelegate.swift in Sources */,
				7A8C322926E9D3FD00E00204 /* SceneDelegate.swift in Sources */,
				7A8C324326E9EDE400E00204 /* WebViewController.swift in Sources */,
				7A8C323B26E9D62100E00204 /* Model.swift in Sources */,
			);
			runOnlyForDeploymentPostprocessing = 0;
		};
/* End PBXSourcesBuildPhase section */

/* Begin PBXVariantGroup section */
		7A8C322C26E9D3FD00E00204 /* Main.storyboard */ = {
			isa = PBXVariantGroup;
			children = (
				7A8C322D26E9D3FD00E00204 /* Base */,
			);
			name = Main.storyboard;
			sourceTree = "<group>";
		};
		7A8C323126E9D3FE00E00204 /* LaunchScreen.storyboard */ = {
			isa = PBXVariantGroup;
			children = (
				7A8C323226E9D3FE00E00204 /* Base */,
			);
			name = LaunchScreen.storyboard;
			sourceTree = "<group>";
		};
/* End PBXVariantGroup section */

/* Begin XCBuildConfiguration section */
		7A8C323526E9D3FE00E00204 /* Debug */ = {
			isa = XCBuildConfiguration;
			buildSettings = {
				ALWAYS_SEARCH_USER_PATHS = NO;
				CLANG_ANALYZER_NONNULL = YES;
				CLANG_ANALYZER_NUMBER_OBJECT_CONVERSION = YES_AGGRESSIVE;
				CLANG_CXX_LANGUAGE_STANDARD = "gnu++14";
				CLANG_CXX_LIBRARY = "libc++";
				CLANG_ENABLE_MODULES = YES;
				CLANG_ENABLE_OBJC_ARC = YES;
				CLANG_ENABLE_OBJC_WEAK = YES;
				CLANG_WARN_BLOCK_CAPTURE_AUTORELEASING = YES;
				CLANG_WARN_BOOL_CONVERSION = YES;
				CLANG_WARN_COMMA = YES;
				CLANG_WARN_CONSTANT_CONVERSION = YES;
				CLANG_WARN_DEPRECATED_OBJC_IMPLEMENTATIONS = YES;
				CLANG_WARN_DIRECT_OBJC_ISA_USAGE = YES_ERROR;
				CLANG_WARN_DOCUMENTATION_COMMENTS = YES;
				CLANG_WARN_EMPTY_BODY = YES;
				CLANG_WARN_ENUM_CONVERSION = YES;
				CLANG_WARN_INFINITE_RECURSION = YES;
				CLANG_WARN_INT_CONVERSION = YES;
				CLANG_WARN_NON_LITERAL_NULL_CONVERSION = YES;
				CLANG_WARN_OBJC_IMPLICIT_RETAIN_SELF = YES;
				CLANG_WARN_OBJC_LITERAL_CONVERSION = YES;
				CLANG_WARN_OBJC_ROOT_CLASS = YES_ERROR;
				CLANG_WARN_QUOTED_INCLUDE_IN_FRAMEWORK_HEADER = YES;
				CLANG_WARN_RANGE_LOOP_ANALYSIS = YES;
				CLANG_WARN_STRICT_PROTOTYPES = YES;
				CLANG_WARN_SUSPICIOUS_MOVE = YES;
				CLANG_WARN_UNGUARDED_AVAILABILITY = YES_AGGRESSIVE;
				CLANG_WARN_UNREACHABLE_CODE = YES;
				CLANG_WARN__DUPLICATE_METHOD_MATCH = YES;
				COPY_PHASE_STRIP = NO;
				DEBUG_INFORMATION_FORMAT = dwarf;
				ENABLE_STRICT_OBJC_MSGSEND = YES;
				ENABLE_TESTABILITY = YES;
				FRAMEWORK_SEARCH_PATHS = "";
				GCC_C_LANGUAGE_STANDARD = gnu11;
				GCC_DYNAMIC_NO_PIC = NO;
				GCC_NO_COMMON_BLOCKS = YES;
				GCC_OPTIMIZATION_LEVEL = 0;
				GCC_PREPROCESSOR_DEFINITIONS = (
					"DEBUG=1",
					"$(inherited)",
				);
				GCC_WARN_64_TO_32_BIT_CONVERSION = YES;
				GCC_WARN_ABOUT_RETURN_TYPE = YES_ERROR;
				GCC_WARN_UNDECLARED_SELECTOR = YES;
				GCC_WARN_UNINITIALIZED_AUTOS = YES_AGGRESSIVE;
				GCC_WARN_UNUSED_FUNCTION = YES;
				GCC_WARN_UNUSED_VARIABLE = YES;
				IPHONEOS_DEPLOYMENT_TARGET = 14.5;
				MTL_ENABLE_DEBUG_INFO = INCLUDE_SOURCE;
				MTL_FAST_MATH = YES;
				ONLY_ACTIVE_ARCH = YES;
				OTHER_LDFLAGS = "$(inherited)";
				SDKROOT = iphoneos;
				SWIFT_ACTIVE_COMPILATION_CONDITIONS = DEBUG;
				SWIFT_OPTIMIZATION_LEVEL = "-Onone";
			};
			name = Debug;
		};
		7A8C323626E9D3FE00E00204 /* Release */ = {
			isa = XCBuildConfiguration;
			buildSettings = {
				ALWAYS_SEARCH_USER_PATHS = NO;
				CLANG_ANALYZER_NONNULL = YES;
				CLANG_ANALYZER_NUMBER_OBJECT_CONVERSION = YES_AGGRESSIVE;
				CLANG_CXX_LANGUAGE_STANDARD = "gnu++14";
				CLANG_CXX_LIBRARY = "libc++";
				CLANG_ENABLE_MODULES = YES;
				CLANG_ENABLE_OBJC_ARC = YES;
				CLANG_ENABLE_OBJC_WEAK = YES;
				CLANG_WARN_BLOCK_CAPTURE_AUTORELEASING = YES;
				CLANG_WARN_BOOL_CONVERSION = YES;
				CLANG_WARN_COMMA = YES;
				CLANG_WARN_CONSTANT_CONVERSION = YES;
				CLANG_WARN_DEPRECATED_OBJC_IMPLEMENTATIONS = YES;
				CLANG_WARN_DIRECT_OBJC_ISA_USAGE = YES_ERROR;
				CLANG_WARN_DOCUMENTATION_COMMENTS = YES;
				CLANG_WARN_EMPTY_BODY = YES;
				CLANG_WARN_ENUM_CONVERSION = YES;
				CLANG_WARN_INFINITE_RECURSION = YES;
				CLANG_WARN_INT_CONVERSION = YES;
				CLANG_WARN_NON_LITERAL_NULL_CONVERSION = YES;
				CLANG_WARN_OBJC_IMPLICIT_RETAIN_SELF = YES;
				CLANG_WARN_OBJC_LITERAL_CONVERSION = YES;
				CLANG_WARN_OBJC_ROOT_CLASS = YES_ERROR;
				CLANG_WARN_QUOTED_INCLUDE_IN_FRAMEWORK_HEADER = YES;
				CLANG_WARN_RANGE_LOOP_ANALYSIS = YES;
				CLANG_WARN_STRICT_PROTOTYPES = YES;
				CLANG_WARN_SUSPICIOUS_MOVE = YES;
				CLANG_WARN_UNGUARDED_AVAILABILITY = YES_AGGRESSIVE;
				CLANG_WARN_UNREACHABLE_CODE = YES;
				CLANG_WARN__DUPLICATE_METHOD_MATCH = YES;
				COPY_PHASE_STRIP = NO;
				DEBUG_INFORMATION_FORMAT = "dwarf-with-dsym";
				ENABLE_NS_ASSERTIONS = NO;
				ENABLE_STRICT_OBJC_MSGSEND = YES;
				FRAMEWORK_SEARCH_PATHS = "";
				GCC_C_LANGUAGE_STANDARD = gnu11;
				GCC_NO_COMMON_BLOCKS = YES;
				GCC_WARN_64_TO_32_BIT_CONVERSION = YES;
				GCC_WARN_ABOUT_RETURN_TYPE = YES_ERROR;
				GCC_WARN_UNDECLARED_SELECTOR = YES;
				GCC_WARN_UNINITIALIZED_AUTOS = YES_AGGRESSIVE;
				GCC_WARN_UNUSED_FUNCTION = YES;
				GCC_WARN_UNUSED_VARIABLE = YES;
				IPHONEOS_DEPLOYMENT_TARGET = 14.5;
				MTL_ENABLE_DEBUG_INFO = NO;
				MTL_FAST_MATH = YES;
				OTHER_LDFLAGS = "$(inherited)";
				SDKROOT = iphoneos;
				SWIFT_COMPILATION_MODE = wholemodule;
				SWIFT_OPTIMIZATION_LEVEL = "-O";
				VALIDATE_PRODUCT = YES;
			};
			name = Release;
		};
		7A8C323826E9D3FE00E00204 /* Debug */ = {
			isa = XCBuildConfiguration;
			baseConfigurationReference = 07A4F0F1B523D478458AD2FF /* Pods-DiscordLogin.debug.xcconfig */;
			buildSettings = {
				ASSETCATALOG_COMPILER_APPICON_NAME = AppIcon;
				ASSETCATALOG_COMPILER_GLOBAL_ACCENT_COLOR_NAME = AccentColor;
				CODE_SIGN_STYLE = Automatic;
				DEVELOPMENT_TEAM = AHXF3NQ84L;
				EXCLUDED_ARCHS = arm64;
				INFOPLIST_FILE = DiscordLogin/Info.plist;
				LD_RUNPATH_SEARCH_PATHS = (
					"$(inherited)",
					"@executable_path/Frameworks",
				);
				PRODUCT_BUNDLE_IDENTIFIER = rxswiftplayground.DiscordLogin;
				PRODUCT_NAME = "$(TARGET_NAME)";
				SWIFT_VERSION = 5.0;
				TARGETED_DEVICE_FAMILY = "1,2";
			};
			name = Debug;
		};
		7A8C323926E9D3FE00E00204 /* Release */ = {
			isa = XCBuildConfiguration;
			baseConfigurationReference = 17E660E6445F4EA4A1040867 /* Pods-DiscordLogin.release.xcconfig */;
			buildSettings = {
				ASSETCATALOG_COMPILER_APPICON_NAME = AppIcon;
				ASSETCATALOG_COMPILER_GLOBAL_ACCENT_COLOR_NAME = AccentColor;
				CODE_SIGN_STYLE = Automatic;
				DEVELOPMENT_TEAM = AHXF3NQ84L;
				EXCLUDED_ARCHS = arm64;
				INFOPLIST_FILE = DiscordLogin/Info.plist;
				LD_RUNPATH_SEARCH_PATHS = (
					"$(inherited)",
					"@executable_path/Frameworks",
				);
				PRODUCT_BUNDLE_IDENTIFIER = rxswiftplayground.DiscordLogin;
				PRODUCT_NAME = "$(TARGET_NAME)";
				SWIFT_VERSION = 5.0;
				TARGETED_DEVICE_FAMILY = "1,2";
			};
			name = Release;
		};
/* End XCBuildConfiguration section */

/* Begin XCConfigurationList section */
		7A8C321E26E9D3FC00E00204 /* Build configuration list for PBXProject "DiscordLogin" */ = {
			isa = XCConfigurationList;
			buildConfigurations = (
				7A8C323526E9D3FE00E00204 /* Debug */,
				7A8C323626E9D3FE00E00204 /* Release */,
			);
			defaultConfigurationIsVisible = 0;
			defaultConfigurationName = Release;
		};
		7A8C323726E9D3FE00E00204 /* Build configuration list for PBXNativeTarget "DiscordLogin" */ = {
			isa = XCConfigurationList;
			buildConfigurations = (
				7A8C323826E9D3FE00E00204 /* Debug */,
				7A8C323926E9D3FE00E00204 /* Release */,
			);
			defaultConfigurationIsVisible = 0;
			defaultConfigurationName = Release;
		};
/* End XCConfigurationList section */
	};
	rootObject = 7A8C321B26E9D3FC00E00204 /* Project object */;
}
